// !$*UTF8*$!
{
	archiveVersion = 1;
	classes = {
	};
	objectVersion = 46;
	objects = {

/* Begin PBXBuildFile section */
		174763EE1A55DEFD0018EB03 /* main.m in Sources */ = {isa = PBXBuildFile; fileRef = 174763ED1A55DEFD0018EB03 /* main.m */; };
		174763F11A55DEFD0018EB03 /* AppDelegate.m in Sources */ = {isa = PBXBuildFile; fileRef = 174763F01A55DEFD0018EB03 /* AppDelegate.m */; };
		174763F41A55DEFD0018EB03 /* ViewController.m in Sources */ = {isa = PBXBuildFile; fileRef = 174763F31A55DEFD0018EB03 /* ViewController.m */; };
		174763F71A55DEFD0018EB03 /* Main.storyboard in Resources */ = {isa = PBXBuildFile; fileRef = 174763F51A55DEFD0018EB03 /* Main.storyboard */; };
		174763F91A55DEFD0018EB03 /* Images.xcassets in Resources */ = {isa = PBXBuildFile; fileRef = 174763F81A55DEFD0018EB03 /* Images.xcassets */; };
		174763FC1A55DEFD0018EB03 /* LaunchScreen.xib in Resources */ = {isa = PBXBuildFile; fileRef = 174763FA1A55DEFD0018EB03 /* LaunchScreen.xib */; };
		174764081A55DEFD0018EB03 /* iAppCrytoTests.m in Sources */ = {isa = PBXBuildFile; fileRef = 174764071A55DEFD0018EB03 /* iAppCrytoTests.m */; };
		174764171A55E6FB0018EB03 /* libz.dylib in Frameworks */ = {isa = PBXBuildFile; fileRef = 174764161A55E6FB0018EB03 /* libz.dylib */; };
		1747641A1A55E7CF0018EB03 /* NSData+Base64.m in Sources */ = {isa = PBXBuildFile; fileRef = 174764191A55E7CF0018EB03 /* NSData+Base64.m */; settings = {COMPILER_FLAGS = "-fno-objc-arc"; }; };
		174764221A57417B0018EB03 /* CryptoHandler.m in Sources */ = {isa = PBXBuildFile; fileRef = 174764211A57417B0018EB03 /* CryptoHandler.m */; };
		174764251A574B8A0018EB03 /* CryptoManager.m in Sources */ = {isa = PBXBuildFile; fileRef = 174764241A574B8A0018EB03 /* CryptoManager.m */; };
		174764291A575C4A0018EB03 /* DemoCryptoManager.m in Sources */ = {isa = PBXBuildFile; fileRef = 174764281A575C4A0018EB03 /* DemoCryptoManager.m */; };
		17D4E38B1A5834FF00A52E56 /* NSData+Compression.m in Sources */ = {isa = PBXBuildFile; fileRef = 17D4E38A1A5834FF00A52E56 /* NSData+Compression.m */; };
		85101D3BF0B049FEBE2E8A7B /* libPods-iAppCryto.a in Frameworks */ = {isa = PBXBuildFile; fileRef = D0C299FCA94AEA527CFFA16E /* libPods-iAppCryto.a */; };
/* End PBXBuildFile section */

/* Begin PBXContainerItemProxy section */
		174764021A55DEFD0018EB03 /* PBXContainerItemProxy */ = {
			isa = PBXContainerItemProxy;
			containerPortal = 174763E01A55DEFD0018EB03 /* Project object */;
			proxyType = 1;
			remoteGlobalIDString = 174763E71A55DEFD0018EB03;
			remoteInfo = iAppCryto;
		};
/* End PBXContainerItemProxy section */

/* Begin PBXFileReference section */
		174763E81A55DEFD0018EB03 /* iAppCryto.app */ = {isa = PBXFileReference; explicitFileType = wrapper.application; includeInIndex = 0; path = iAppCryto.app; sourceTree = BUILT_PRODUCTS_DIR; };
		174763EC1A55DEFD0018EB03 /* Info.plist */ = {isa = PBXFileReference; lastKnownFileType = text.plist.xml; path = Info.plist; sourceTree = "<group>"; };
		174763ED1A55DEFD0018EB03 /* main.m */ = {isa = PBXFileReference; lastKnownFileType = sourcecode.c.objc; path = main.m; sourceTree = "<group>"; };
		174763EF1A55DEFD0018EB03 /* AppDelegate.h */ = {isa = PBXFileReference; lastKnownFileType = sourcecode.c.h; path = AppDelegate.h; sourceTree = "<group>"; };
		174763F01A55DEFD0018EB03 /* AppDelegate.m */ = {isa = PBXFileReference; lastKnownFileType = sourcecode.c.objc; path = AppDelegate.m; sourceTree = "<group>"; };
		174763F21A55DEFD0018EB03 /* ViewController.h */ = {isa = PBXFileReference; lastKnownFileType = sourcecode.c.h; path = ViewController.h; sourceTree = "<group>"; };
		174763F31A55DEFD0018EB03 /* ViewController.m */ = {isa = PBXFileReference; lastKnownFileType = sourcecode.c.objc; path = ViewController.m; sourceTree = "<group>"; };
		174763F61A55DEFD0018EB03 /* Base */ = {isa = PBXFileReference; lastKnownFileType = file.storyboard; name = Base; path = Base.lproj/Main.storyboard; sourceTree = "<group>"; };
		174763F81A55DEFD0018EB03 /* Images.xcassets */ = {isa = PBXFileReference; lastKnownFileType = folder.assetcatalog; path = Images.xcassets; sourceTree = "<group>"; };
		174763FB1A55DEFD0018EB03 /* Base */ = {isa = PBXFileReference; lastKnownFileType = file.xib; name = Base; path = Base.lproj/LaunchScreen.xib; sourceTree = "<group>"; };
		174764011A55DEFD0018EB03 /* iAppCrytoTests.xctest */ = {isa = PBXFileReference; explicitFileType = wrapper.cfbundle; includeInIndex = 0; path = iAppCrytoTests.xctest; sourceTree = BUILT_PRODUCTS_DIR; };
		174764061A55DEFD0018EB03 /* Info.plist */ = {isa = PBXFileReference; lastKnownFileType = text.plist.xml; path = Info.plist; sourceTree = "<group>"; };
		174764071A55DEFD0018EB03 /* iAppCrytoTests.m */ = {isa = PBXFileReference; lastKnownFileType = sourcecode.c.objc; path = iAppCrytoTests.m; sourceTree = "<group>"; };
		174764161A55E6FB0018EB03 /* libz.dylib */ = {isa = PBXFileReference; lastKnownFileType = "compiled.mach-o.dylib"; name = libz.dylib; path = usr/lib/libz.dylib; sourceTree = SDKROOT; };
		174764181A55E7CF0018EB03 /* NSData+Base64.h */ = {isa = PBXFileReference; fileEncoding = 4; lastKnownFileType = sourcecode.c.h; name = "NSData+Base64.h"; path = "vendors/Crypto/NSData+Base64.h"; sourceTree = "<group>"; };
		174764191A55E7CF0018EB03 /* NSData+Base64.m */ = {isa = PBXFileReference; fileEncoding = 4; lastKnownFileType = sourcecode.c.objc; name = "NSData+Base64.m"; path = "vendors/Crypto/NSData+Base64.m"; sourceTree = "<group>"; };
		174764201A57417B0018EB03 /* CryptoHandler.h */ = {isa = PBXFileReference; fileEncoding = 4; lastKnownFileType = sourcecode.c.h; name = CryptoHandler.h; path = vendors/Crypto/CryptoHandler.h; sourceTree = "<group>"; };
		174764211A57417B0018EB03 /* CryptoHandler.m */ = {isa = PBXFileReference; fileEncoding = 4; lastKnownFileType = sourcecode.c.objc; name = CryptoHandler.m; path = vendors/Crypto/CryptoHandler.m; sourceTree = "<group>"; };
		174764231A574B8A0018EB03 /* CryptoManager.h */ = {isa = PBXFileReference; fileEncoding = 4; lastKnownFileType = sourcecode.c.h; path = CryptoManager.h; sourceTree = "<group>"; };
		174764241A574B8A0018EB03 /* CryptoManager.m */ = {isa = PBXFileReference; fileEncoding = 4; lastKnownFileType = sourcecode.c.objc; path = CryptoManager.m; sourceTree = "<group>"; };
		174764271A575C4A0018EB03 /* DemoCryptoManager.h */ = {isa = PBXFileReference; fileEncoding = 4; lastKnownFileType = sourcecode.c.h; path = DemoCryptoManager.h; sourceTree = "<group>"; };
		174764281A575C4A0018EB03 /* DemoCryptoManager.m */ = {isa = PBXFileReference; fileEncoding = 4; lastKnownFileType = sourcecode.c.objc; path = DemoCryptoManager.m; sourceTree = "<group>"; };
		17D4E3891A5834FF00A52E56 /* NSData+Compression.h */ = {isa = PBXFileReference; fileEncoding = 4; lastKnownFileType = sourcecode.c.h; name = "NSData+Compression.h"; path = "vendors/zlib/NSData+Compression.h"; sourceTree = "<group>"; };
		17D4E38A1A5834FF00A52E56 /* NSData+Compression.m */ = {isa = PBXFileReference; fileEncoding = 4; lastKnownFileType = sourcecode.c.objc; name = "NSData+Compression.m"; path = "vendors/zlib/NSData+Compression.m"; sourceTree = "<group>"; };
		2767E5A572C51FBAD4E4918A /* Pods-iAppCryto.release.xcconfig */ = {isa = PBXFileReference; includeInIndex = 1; lastKnownFileType = text.xcconfig; name = "Pods-iAppCryto.release.xcconfig"; path = "Pods/Target Support Files/Pods-iAppCryto/Pods-iAppCryto.release.xcconfig"; sourceTree = "<group>"; };
		6B30E58D93E49A4E02FD5453 /* Pods-iAppCryto.debug.xcconfig */ = {isa = PBXFileReference; includeInIndex = 1; lastKnownFileType = text.xcconfig; name = "Pods-iAppCryto.debug.xcconfig"; path = "Pods/Target Support Files/Pods-iAppCryto/Pods-iAppCryto.debug.xcconfig"; sourceTree = "<group>"; };
		D0C299FCA94AEA527CFFA16E /* libPods-iAppCryto.a */ = {isa = PBXFileReference; explicitFileType = archive.ar; includeInIndex = 0; path = "libPods-iAppCryto.a"; sourceTree = BUILT_PRODUCTS_DIR; };
/* End PBXFileReference section */

/* Begin PBXFrameworksBuildPhase section */
		174763E51A55DEFD0018EB03 /* Frameworks */ = {
			isa = PBXFrameworksBuildPhase;
			buildActionMask = 2147483647;
			files = (
				174764171A55E6FB0018EB03 /* libz.dylib in Frameworks */,
				85101D3BF0B049FEBE2E8A7B /* libPods-iAppCryto.a in Frameworks */,
			);
			runOnlyForDeploymentPostprocessing = 0;
		};
		174763FE1A55DEFD0018EB03 /* Frameworks */ = {
			isa = PBXFrameworksBuildPhase;
			buildActionMask = 2147483647;
			files = (
			);
			runOnlyForDeploymentPostprocessing = 0;
		};
/* End PBXFrameworksBuildPhase section */

/* Begin PBXGroup section */
		174763DF1A55DEFD0018EB03 = {
			isa = PBXGroup;
			children = (
				174763EA1A55DEFD0018EB03 /* iAppCryto */,
				174764041A55DEFD0018EB03 /* iAppCrytoTests */,
				174763E91A55DEFD0018EB03 /* Products */,
				5B7887F32387AA4C577CF8CA /* Pods */,
				88CF41571E42B6DA4CBEB3D3 /* Frameworks */,
			);
			sourceTree = "<group>";
		};
		174763E91A55DEFD0018EB03 /* Products */ = {
			isa = PBXGroup;
			children = (
				174763E81A55DEFD0018EB03 /* iAppCryto.app */,
				174764011A55DEFD0018EB03 /* iAppCrytoTests.xctest */,
			);
			name = Products;
			sourceTree = "<group>";
		};
		174763EA1A55DEFD0018EB03 /* iAppCryto */ = {
			isa = PBXGroup;
			children = (
				174763EF1A55DEFD0018EB03 /* AppDelegate.h */,
				174763F01A55DEFD0018EB03 /* AppDelegate.m */,
				1747641C1A5739FA0018EB03 /* ViewControllers */,
				1747641B1A5739F10018EB03 /* Storyboards */,
				174764261A574B8E0018EB03 /* Managers */,
				174764141A55E6C50018EB03 /* Vendors */,
				174763F81A55DEFD0018EB03 /* Images.xcassets */,
				174763FA1A55DEFD0018EB03 /* LaunchScreen.xib */,
				174763EB1A55DEFD0018EB03 /* Supporting Files */,
			);
			path = iAppCryto;
			sourceTree = "<group>";
		};
		174763EB1A55DEFD0018EB03 /* Supporting Files */ = {
			isa = PBXGroup;
			children = (
				174763EC1A55DEFD0018EB03 /* Info.plist */,
				174763ED1A55DEFD0018EB03 /* main.m */,
			);
			name = "Supporting Files";
			sourceTree = "<group>";
		};
		174764041A55DEFD0018EB03 /* iAppCrytoTests */ = {
			isa = PBXGroup;
			children = (
				174764071A55DEFD0018EB03 /* iAppCrytoTests.m */,
				174764051A55DEFD0018EB03 /* Supporting Files */,
			);
			path = iAppCrytoTests;
			sourceTree = "<group>";
		};
		174764051A55DEFD0018EB03 /* Supporting Files */ = {
			isa = PBXGroup;
			children = (
				174764061A55DEFD0018EB03 /* Info.plist */,
			);
			name = "Supporting Files";
			sourceTree = "<group>";
		};
		174764141A55E6C50018EB03 /* Vendors */ = {
			isa = PBXGroup;
			children = (
				17D4E3881A5834D900A52E56 /* zlib */,
				174764151A55E6DB0018EB03 /* Crypto */,
			);
			name = Vendors;
			sourceTree = "<group>";
		};
		174764151A55E6DB0018EB03 /* Crypto */ = {
			isa = PBXGroup;
			children = (
				174764181A55E7CF0018EB03 /* NSData+Base64.h */,
				174764191A55E7CF0018EB03 /* NSData+Base64.m */,
				174764201A57417B0018EB03 /* CryptoHandler.h */,
				174764211A57417B0018EB03 /* CryptoHandler.m */,
			);
			name = Crypto;
			sourceTree = "<group>";
		};
		1747641B1A5739F10018EB03 /* Storyboards */ = {
			isa = PBXGroup;
			children = (
				174763F51A55DEFD0018EB03 /* Main.storyboard */,
			);
			name = Storyboards;
			sourceTree = "<group>";
		};
		1747641C1A5739FA0018EB03 /* ViewControllers */ = {
			isa = PBXGroup;
			children = (
				174763F21A55DEFD0018EB03 /* ViewController.h */,
				174763F31A55DEFD0018EB03 /* ViewController.m */,
			);
			name = ViewControllers;
			sourceTree = "<group>";
		};
		174764261A574B8E0018EB03 /* Managers */ = {
			isa = PBXGroup;
			children = (
				174764231A574B8A0018EB03 /* CryptoManager.h */,
				174764241A574B8A0018EB03 /* CryptoManager.m */,
				174764271A575C4A0018EB03 /* DemoCryptoManager.h */,
				174764281A575C4A0018EB03 /* DemoCryptoManager.m */,
			);
			name = Managers;
			sourceTree = "<group>";
		};
		17D4E3881A5834D900A52E56 /* zlib */ = {
			isa = PBXGroup;
			children = (
				174764161A55E6FB0018EB03 /* libz.dylib */,
				17D4E3891A5834FF00A52E56 /* NSData+Compression.h */,
				17D4E38A1A5834FF00A52E56 /* NSData+Compression.m */,
			);
			name = zlib;
			sourceTree = "<group>";
		};
		5B7887F32387AA4C577CF8CA /* Pods */ = {
			isa = PBXGroup;
			children = (
				6B30E58D93E49A4E02FD5453 /* Pods-iAppCryto.debug.xcconfig */,
				2767E5A572C51FBAD4E4918A /* Pods-iAppCryto.release.xcconfig */,
			);
			name = Pods;
			sourceTree = "<group>";
		};
		88CF41571E42B6DA4CBEB3D3 /* Frameworks */ = {
			isa = PBXGroup;
			children = (
				D0C299FCA94AEA527CFFA16E /* libPods-iAppCryto.a */,
			);
			name = Frameworks;
			sourceTree = "<group>";
		};
/* End PBXGroup section */

/* Begin PBXNativeTarget section */
		174763E71A55DEFD0018EB03 /* iAppCryto */ = {
			isa = PBXNativeTarget;
			buildConfigurationList = 1747640B1A55DEFD0018EB03 /* Build configuration list for PBXNativeTarget "iAppCryto" */;
			buildPhases = (
				955460C059A35970DC458CB2 /* Check Pods Manifest.lock */,
				174763E41A55DEFD0018EB03 /* Sources */,
				174763E51A55DEFD0018EB03 /* Frameworks */,
				174763E61A55DEFD0018EB03 /* Resources */,
				FF924D6AF488DBF59308D12A /* Copy Pods Resources */,
			);
			buildRules = (
			);
			dependencies = (
			);
			name = iAppCryto;
			productName = iAppCryto;
			productReference = 174763E81A55DEFD0018EB03 /* iAppCryto.app */;
			productType = "com.apple.product-type.application";
		};
		174764001A55DEFD0018EB03 /* iAppCrytoTests */ = {
			isa = PBXNativeTarget;
			buildConfigurationList = 1747640E1A55DEFD0018EB03 /* Build configuration list for PBXNativeTarget "iAppCrytoTests" */;
			buildPhases = (
				174763FD1A55DEFD0018EB03 /* Sources */,
				174763FE1A55DEFD0018EB03 /* Frameworks */,
				174763FF1A55DEFD0018EB03 /* Resources */,
			);
			buildRules = (
			);
			dependencies = (
				174764031A55DEFD0018EB03 /* PBXTargetDependency */,
			);
			name = iAppCrytoTests;
			productName = iAppCrytoTests;
			productReference = 174764011A55DEFD0018EB03 /* iAppCrytoTests.xctest */;
			productType = "com.apple.product-type.bundle.unit-test";
		};
/* End PBXNativeTarget section */

/* Begin PBXProject section */
		174763E01A55DEFD0018EB03 /* Project object */ = {
			isa = PBXProject;
			attributes = {
				LastUpgradeCheck = 0610;
				ORGANIZATIONNAME = vRoutes;
				TargetAttributes = {
					174763E71A55DEFD0018EB03 = {
						CreatedOnToolsVersion = 6.1.1;
					};
					174764001A55DEFD0018EB03 = {
						CreatedOnToolsVersion = 6.1.1;
						TestTargetID = 174763E71A55DEFD0018EB03;
					};
				};
			};
			buildConfigurationList = 174763E31A55DEFD0018EB03 /* Build configuration list for PBXProject "iAppCryto" */;
			compatibilityVersion = "Xcode 3.2";
			developmentRegion = English;
			hasScannedForEncodings = 0;
			knownRegions = (
				en,
				Base,
			);
			mainGroup = 174763DF1A55DEFD0018EB03;
			productRefGroup = 174763E91A55DEFD0018EB03 /* Products */;
			projectDirPath = "";
			projectRoot = "";
			targets = (
				174763E71A55DEFD0018EB03 /* iAppCryto */,
				174764001A55DEFD0018EB03 /* iAppCrytoTests */,
			);
		};
/* End PBXProject section */

/* Begin PBXResourcesBuildPhase section */
		174763E61A55DEFD0018EB03 /* Resources */ = {
			isa = PBXResourcesBuildPhase;
			buildActionMask = 2147483647;
			files = (
				174763F71A55DEFD0018EB03 /* Main.storyboard in Resources */,
				174763FC1A55DEFD0018EB03 /* LaunchScreen.xib in Resources */,
				174763F91A55DEFD0018EB03 /* Images.xcassets in Resources */,
			);
			runOnlyForDeploymentPostprocessing = 0;
		};
		174763FF1A55DEFD0018EB03 /* Resources */ = {
			isa = PBXResourcesBuildPhase;
			buildActionMask = 2147483647;
			files = (
			);
			runOnlyForDeploymentPostprocessing = 0;
		};
/* End PBXResourcesBuildPhase section */

/* Begin PBXShellScriptBuildPhase section */
		955460C059A35970DC458CB2 /* Check Pods Manifest.lock */ = {
			isa = PBXShellScriptBuildPhase;
			buildActionMask = 2147483647;
			files = (
			);
			inputPaths = (
			);
			name = "Check Pods Manifest.lock";
			outputPaths = (
			);
			runOnlyForDeploymentPostprocessing = 0;
			shellPath = /bin/sh;
			shellScript = "diff \"${PODS_ROOT}/../Podfile.lock\" \"${PODS_ROOT}/Manifest.lock\" > /dev/null\nif [[ $? != 0 ]] ; then\n    cat << EOM\nerror: The sandbox is not in sync with the Podfile.lock. Run 'pod install' or update your CocoaPods installation.\nEOM\n    exit 1\nfi\n";
			showEnvVarsInLog = 0;
		};
		FF924D6AF488DBF59308D12A /* Copy Pods Resources */ = {
			isa = PBXShellScriptBuildPhase;
			buildActionMask = 2147483647;
			files = (
			);
			inputPaths = (
			);
			name = "Copy Pods Resources";
			outputPaths = (
			);
			runOnlyForDeploymentPostprocessing = 0;
			shellPath = /bin/sh;
			shellScript = "\"${SRCROOT}/Pods/Target Support Files/Pods-iAppCryto/Pods-iAppCryto-resources.sh\"\n";
			showEnvVarsInLog = 0;
		};
/* End PBXShellScriptBuildPhase section */

/* Begin PBXSourcesBuildPhase section */
		174763E41A55DEFD0018EB03 /* Sources */ = {
			isa = PBXSourcesBuildPhase;
			buildActionMask = 2147483647;
			files = (
				174764251A574B8A0018EB03 /* CryptoManager.m in Sources */,
				174763F41A55DEFD0018EB03 /* ViewController.m in Sources */,
				174763F11A55DEFD0018EB03 /* AppDelegate.m in Sources */,
				1747641A1A55E7CF0018EB03 /* NSData+Base64.m in Sources */,
				174763EE1A55DEFD0018EB03 /* main.m in Sources */,
				17D4E38B1A5834FF00A52E56 /* NSData+Compression.m in Sources */,
				174764221A57417B0018EB03 /* CryptoHandler.m in Sources */,
				174764291A575C4A0018EB03 /* DemoCryptoManager.m in Sources */,
			);
			runOnlyForDeploymentPostprocessing = 0;
		};
		174763FD1A55DEFD0018EB03 /* Sources */ = {
			isa = PBXSourcesBuildPhase;
			buildActionMask = 2147483647;
			files = (
				174764081A55DEFD0018EB03 /* iAppCrytoTests.m in Sources */,
			);
			runOnlyForDeploymentPostprocessing = 0;
		};
/* End PBXSourcesBuildPhase section */

/* Begin PBXTargetDependency section */
		174764031A55DEFD0018EB03 /* PBXTargetDependency */ = {
			isa = PBXTargetDependency;
			target = 174763E71A55DEFD0018EB03 /* iAppCryto */;
			targetProxy = 174764021A55DEFD0018EB03 /* PBXContainerItemProxy */;
		};
/* End PBXTargetDependency section */

/* Begin PBXVariantGroup section */
		174763F51A55DEFD0018EB03 /* Main.storyboard */ = {
			isa = PBXVariantGroup;
			children = (
				174763F61A55DEFD0018EB03 /* Base */,
			);
			name = Main.storyboard;
			sourceTree = "<group>";
		};
		174763FA1A55DEFD0018EB03 /* LaunchScreen.xib */ = {
			isa = PBXVariantGroup;
			children = (
				174763FB1A55DEFD0018EB03 /* Base */,
			);
			name = LaunchScreen.xib;
			sourceTree = "<group>";
		};
/* End PBXVariantGroup section */

/* Begin XCBuildConfiguration section */
		174764091A55DEFD0018EB03 /* Debug */ = {
			isa = XCBuildConfiguration;
			buildSettings = {
				ALWAYS_SEARCH_USER_PATHS = NO;
				CLANG_CXX_LANGUAGE_STANDARD = "gnu++0x";
				CLANG_CXX_LIBRARY = "libc++";
				CLANG_ENABLE_MODULES = YES;
				CLANG_ENABLE_OBJC_ARC = YES;
				CLANG_WARN_BOOL_CONVERSION = YES;
				CLANG_WARN_CONSTANT_CONVERSION = YES;
				CLANG_WARN_DIRECT_OBJC_ISA_USAGE = YES_ERROR;
				CLANG_WARN_EMPTY_BODY = YES;
				CLANG_WARN_ENUM_CONVERSION = YES;
				CLANG_WARN_INT_CONVERSION = YES;
				CLANG_WARN_OBJC_ROOT_CLASS = YES_ERROR;
				CLANG_WARN_UNREACHABLE_CODE = YES;
				CLANG_WARN__DUPLICATE_METHOD_MATCH = YES;
				"CODE_SIGN_IDENTITY[sdk=iphoneos*]" = "iPhone Developer";
				COPY_PHASE_STRIP = NO;
				ENABLE_STRICT_OBJC_MSGSEND = YES;
				GCC_C_LANGUAGE_STANDARD = gnu99;
				GCC_DYNAMIC_NO_PIC = NO;
				GCC_OPTIMIZATION_LEVEL = 0;
				GCC_PREPROCESSOR_DEFINITIONS = (
					"DEBUG=1",
					"$(inherited)",
				);
				GCC_SYMBOLS_PRIVATE_EXTERN = NO;
				GCC_WARN_64_TO_32_BIT_CONVERSION = YES;
				GCC_WARN_ABOUT_RETURN_TYPE = YES_ERROR;
				GCC_WARN_UNDECLARED_SELECTOR = YES;
				GCC_WARN_UNINITIALIZED_AUTOS = YES_AGGRESSIVE;
				GCC_WARN_UNUSED_FUNCTION = YES;
				GCC_WARN_UNUSED_VARIABLE = YES;
				IPHONEOS_DEPLOYMENT_TARGET = 8.1;
				MTL_ENABLE_DEBUG_INFO = YES;
				ONLY_ACTIVE_ARCH = YES;
				SDKROOT = iphoneos;
				TARGETED_DEVICE_FAMILY = "1,2";
			};
			name = Debug;
		};
		1747640A1A55DEFD0018EB03 /* Release */ = {
			isa = XCBuildConfiguration;
			buildSettings = {
				ALWAYS_SEARCH_USER_PATHS = NO;
				CLANG_CXX_LANGUAGE_STANDARD = "gnu++0x";
				CLANG_CXX_LIBRARY = "libc++";
				CLANG_ENABLE_MODULES = YES;
				CLANG_ENABLE_OBJC_ARC = YES;
				CLANG_WARN_BOOL_CONVERSION = YES;
				CLANG_WARN_CONSTANT_CONVERSION = YES;
				CLANG_WARN_DIRECT_OBJC_ISA_USAGE = YES_ERROR;
				CLANG_WARN_EMPTY_BODY = YES;
				CLANG_WARN_ENUM_CONVERSION = YES;
				CLANG_WARN_INT_CONVERSION = YES;
				CLANG_WARN_OBJC_ROOT_CLASS = YES_ERROR;
				CLANG_WARN_UNREACHABLE_CODE = YES;
				CLANG_WARN__DUPLICATE_METHOD_MATCH = YES;
				"CODE_SIGN_IDENTITY[sdk=iphoneos*]" = "iPhone Developer";
				COPY_PHASE_STRIP = YES;
				ENABLE_NS_ASSERTIONS = NO;
				ENABLE_STRICT_OBJC_MSGSEND = YES;
				GCC_C_LANGUAGE_STANDARD = gnu99;
				GCC_WARN_64_TO_32_BIT_CONVERSION = YES;
				GCC_WARN_ABOUT_RETURN_TYPE = YES_ERROR;
				GCC_WARN_UNDECLARED_SELECTOR = YES;
				GCC_WARN_UNINITIALIZED_AUTOS = YES_AGGRESSIVE;
				GCC_WARN_UNUSED_FUNCTION = YES;
				GCC_WARN_UNUSED_VARIABLE = YES;
				IPHONEOS_DEPLOYMENT_TARGET = 8.1;
				MTL_ENABLE_DEBUG_INFO = NO;
				SDKROOT = iphoneos;
				TARGETED_DEVICE_FAMILY = "1,2";
				VALIDATE_PRODUCT = YES;
			};
			name = Release;
		};
		1747640C1A55DEFD0018EB03 /* Debug */ = {
			isa = XCBuildConfiguration;
			baseConfigurationReference = 6B30E58D93E49A4E02FD5453 /* Pods-iAppCryto.debug.xcconfig */;
			buildSettings = {
				ASSETCATALOG_COMPILER_APPICON_NAME = AppIcon;
				INFOPLIST_FILE = iAppCryto/Info.plist;
				IPHONEOS_DEPLOYMENT_TARGET = 8.1;
				LD_RUNPATH_SEARCH_PATHS = "$(inherited) @executable_path/Frameworks";
				PRODUCT_NAME = "$(TARGET_NAME)";
			};
			name = Debug;
		};
		1747640D1A55DEFD0018EB03 /* Release */ = {
			isa = XCBuildConfiguration;
			baseConfigurationReference = 2767E5A572C51FBAD4E4918A /* Pods-iAppCryto.release.xcconfig */;
			buildSettings = {
				ASSETCATALOG_COMPILER_APPICON_NAME = AppIcon;
				INFOPLIST_FILE = iAppCryto/Info.plist;
				IPHONEOS_DEPLOYMENT_TARGET = 8.1;
				LD_RUNPATH_SEARCH_PATHS = "$(inherited) @executable_path/Frameworks";
				PRODUCT_NAME = "$(TARGET_NAME)";
			};
			name = Release;
		};
		1747640F1A55DEFD0018EB03 /* Debug */ = {
			isa = XCBuildConfiguration;
			buildSettings = {
				BUNDLE_LOADER = "$(TEST_HOST)";
				FRAMEWORK_SEARCH_PATHS = (
					"$(SDKROOT)/Developer/Library/Frameworks",
					"$(inherited)",
				);
				GCC_PREPROCESSOR_DEFINITIONS = (
					"DEBUG=1",
					"$(inherited)",
				);
				INFOPLIST_FILE = iAppCrytoTests/Info.plist;
				LD_RUNPATH_SEARCH_PATHS = "$(inherited) @executable_path/Frameworks @loader_path/Frameworks";
				PRODUCT_NAME = "$(TARGET_NAME)";
				TEST_HOST = "$(BUILT_PRODUCTS_DIR)/iAppCryto.app/iAppCryto";
			};
			name = Debug;
		};
		174764101A55DEFD0018EB03 /* Release */ = {
			isa = XCBuildConfiguration;
			buildSettings = {
				BUNDLE_LOADER = "$(TEST_HOST)";
				FRAMEWORK_SEARCH_PATHS = (
					"$(SDKROOT)/Developer/Library/Frameworks",
					"$(inherited)",
				);
				INFOPLIST_FILE = iAppCrytoTests/Info.plist;
				LD_RUNPATH_SEARCH_PATHS = "$(inherited) @executable_path/Frameworks @loader_path/Frameworks";
				PRODUCT_NAME = "$(TARGET_NAME)";
				TEST_HOST = "$(BUILT_PRODUCTS_DIR)/iAppCryto.app/iAppCryto";
			};
			name = Release;
		};
/* End XCBuildConfiguration section */

/* Begin XCConfigurationList section */
		174763E31A55DEFD0018EB03 /* Build configuration list for PBXProject "iAppCryto" */ = {
			isa = XCConfigurationList;
			buildConfigurations = (
				174764091A55DEFD0018EB03 /* Debug */,
				1747640A1A55DEFD0018EB03 /* Release */,
			);
			defaultConfigurationIsVisible = 0;
			defaultConfigurationName = Release;
		};
		1747640B1A55DEFD0018EB03 /* Build configuration list for PBXNativeTarget "iAppCryto" */ = {
			isa = XCConfigurationList;
			buildConfigurations = (
				1747640C1A55DEFD0018EB03 /* Debug */,
				1747640D1A55DEFD0018EB03 /* Release */,
			);
			defaultConfigurationIsVisible = 0;
			defaultConfigurationName = Release;
		};
		1747640E1A55DEFD0018EB03 /* Build configuration list for PBXNativeTarget "iAppCrytoTests" */ = {
			isa = XCConfigurationList;
			buildConfigurations = (
				1747640F1A55DEFD0018EB03 /* Debug */,
				174764101A55DEFD0018EB03 /* Release */,
			);
			defaultConfigurationIsVisible = 0;
			defaultConfigurationName = Release;
		};
/* End XCConfigurationList section */
	};
	rootObject = 174763E01A55DEFD0018EB03 /* Project object */;
}
